
Microsoft Visual Studio Solution File, Format Version 12.00
# Visual Studio Version 16
VisualStudioVersion = 16.0.29509.3
MinimumVisualStudioVersion = 10.0.40219.1
Project("{FAE04EC0-301F-11D3-BF4B-00C04F79EFBC}") = "DownLoadMp3FromYoutube", "DownLoadMp3FromYoutube\DownLoadMp3FromYoutube.csproj", "{85F2F7B6-2588-4E9D-9F2F-F0DDE88EEB6A}"
EndProject
Global
	GlobalSection(SolutionConfigurationPlatforms) = preSolution
		Debug|Any CPU = Debug|Any CPU
		Release|Any CPU = Release|Any CPU
	EndGlobalSection
	GlobalSection(ProjectConfigurationPlatforms) = postSolution
		{85F2F7B6-2588-4E9D-9F2F-F0DDE88EEB6A}.Debug|Any CPU.ActiveCfg = Debug|Any CPU
		{85F2F7B6-2588-4E9D-9F2F-F0DDE88EEB6A}.Debug|Any CPU.Build.0 = Debug|Any CPU
		{85F2F7B6-2588-4E9D-9F2F-F0DDE88EEB6A}.Release|Any CPU.ActiveCfg = Release|Any CPU
		{85F2F7B6-2588-4E9D-9F2F-F0DDE88EEB6A}.Release|Any CPU.Build.0 = Release|Any CPU
	EndGlobalSection
	GlobalSection(SolutionProperties) = preSolution
		HideSolutionNode = FALSE
	EndGlobalSection
	GlobalSection(ExtensibilityGlobals) = postSolution
		SolutionGuid = {46936FEE-6FA1-4281-9B78-2B397615D86A}
	EndGlobalSection
EndGlobal
